{
  "name": "matter_game",
  "version": "1.0.0",
  "lockfileVersion": 1,
  "requires": true,
  "dependencies": {
    "matter-js": {
      "version": "0.14.2",
      "resolved": "https://registry.npmjs.org/matter-js/-/matter-js-0.14.2.tgz",
      "integrity": "sha512-3ttVT8cJlQnGRjBa8MyVrGyvGmnmOkZ3YsyemIw+KwEEdVi70mo32FH1Eta2b3GfdDJFbMDRqyMQt4heNKBUEA=="
    },
    "particlesjs": {
      "version": "2.2.3",
      "resolved": "https://registry.npmjs.org/particlesjs/-/particlesjs-2.2.3.tgz",
      "integrity": "sha512-f0rL80Agqdsrnv/uhlLewv+LMdiXHu9MYPzMv0ZLPM06nLx3zmAXMH882fxqO6Uzb91csli8WlWaYd2XPN0d/Q=="
    }
  }
}
